// !$*UTF8*$!
{
	archiveVersion = 1;
	classes = {
	};
	objectVersion = 77;
	objects = {

/* Begin PBXBuildFile section */
		D17D30672DA49A690092CE45 /* Auth in Frameworks */ = {isa = PBXBuildFile; productRef = D17D30662DA49A690092CE45 /* Auth */; };
		D17D30692DA49A690092CE45 /* Functions in Frameworks */ = {isa = PBXBuildFile; productRef = D17D30682DA49A690092CE45 /* Functions */; };
		D17D306B2DA49A690092CE45 /* PostgREST in Frameworks */ = {isa = PBXBuildFile; productRef = D17D306A2DA49A690092CE45 /* PostgREST */; };
		D17D306D2DA49A690092CE45 /* Realtime in Frameworks */ = {isa = PBXBuildFile; productRef = D17D306C2DA49A690092CE45 /* Realtime */; };
		D17D306F2DA49A690092CE45 /* Storage in Frameworks */ = {isa = PBXBuildFile; productRef = D17D306E2DA49A690092CE45 /* Storage */; };
		D17D30712DA49A690092CE45 /* Supabase in Frameworks */ = {isa = PBXBuildFile; productRef = D17D30702DA49A690092CE45 /* Supabase */; };
		D17D30742DA49A840092CE45 /* SDWebImageSwiftUI in Frameworks */ = {isa = PBXBuildFile; productRef = D17D30732DA49A840092CE45 /* SDWebImageSwiftUI */; };
/* End PBXBuildFile section */

/* Begin PBXContainerItemProxy section */
		D17D30492DA499970092CE45 /* PBXContainerItemProxy */ = {
			isa = PBXContainerItemProxy;
			containerPortal = D17D30332DA499950092CE45 /* Project object */;
			proxyType = 1;
			remoteGlobalIDString = D17D303A2DA499950092CE45;
			remoteInfo = CollegeFantasyFootball;
		};
		D17D30532DA499970092CE45 /* PBXContainerItemProxy */ = {
			isa = PBXContainerItemProxy;
			containerPortal = D17D30332DA499950092CE45 /* Project object */;
			proxyType = 1;
			remoteGlobalIDString = D17D303A2DA499950092CE45;
			remoteInfo = CollegeFantasyFootball;
		};
/* End PBXContainerItemProxy section */

/* Begin PBXFileReference section */
		D17D303B2DA499950092CE45 /* CollegeFantasyFootball.app */ = {isa = PBXFileReference; explicitFileType = wrapper.application; includeInIndex = 0; path = CollegeFantasyFootball.app; sourceTree = BUILT_PRODUCTS_DIR; };
		D17D30482DA499970092CE45 /* CollegeFantasyFootballTests.xctest */ = {isa = PBXFileReference; explicitFileType = wrapper.cfbundle; includeInIndex = 0; path = CollegeFantasyFootballTests.xctest; sourceTree = BUILT_PRODUCTS_DIR; };
		D17D30522DA499970092CE45 /* CollegeFantasyFootballUITests.xctest */ = {isa = PBXFileReference; explicitFileType = wrapper.cfbundle; includeInIndex = 0; path = CollegeFantasyFootballUITests.xctest; sourceTree = BUILT_PRODUCTS_DIR; };
/* End PBXFileReference section */

/* Begin PBXFileSystemSynchronizedRootGroup section */
		D17D303D2DA499950092CE45 /* CollegeFantasyFootball */ = {
			isa = PBXFileSystemSynchronizedRootGroup;
			path = CollegeFantasyFootball;
			sourceTree = "<group>";
		};
		D17D304B2DA499970092CE45 /* CollegeFantasyFootballTests */ = {
			isa = PBXFileSystemSynchronizedRootGroup;
			path = CollegeFantasyFootballTests;
			sourceTree = "<group>";
		};
		D17D30552DA499970092CE45 /* CollegeFantasyFootballUITests */ = {
			isa = PBXFileSystemSynchronizedRootGroup;
			path = CollegeFantasyFootballUITests;
			sourceTree = "<group>";
		};
/* End PBXFileSystemSynchronizedRootGroup section */

/* Begin PBXFrameworksBuildPhase section */
		D17D30382DA499950092CE45 /* Frameworks */ = {
			isa = PBXFrameworksBuildPhase;
			buildActionMask = 2147483647;
			files = (
				D17D30742DA49A840092CE45 /* SDWebImageSwiftUI in Frameworks */,
				D17D306B2DA49A690092CE45 /* PostgREST in Frameworks */,
				D17D30692DA49A690092CE45 /* Functions in Frameworks */,
				D17D30712DA49A690092CE45 /* Supabase in Frameworks */,
				D17D30672DA49A690092CE45 /* Auth in Frameworks */,
				D17D306F2DA49A690092CE45 /* Storage in Frameworks */,
				D17D306D2DA49A690092CE45 /* Realtime in Frameworks */,
			);
			runOnlyForDeploymentPostprocessing = 0;
		};
		D17D30452DA499970092CE45 /* Frameworks */ = {
			isa = PBXFrameworksBuildPhase;
			buildActionMask = 2147483647;
			files = (
			);
			runOnlyForDeploymentPostprocessing = 0;
		};
		D17D304F2DA499970092CE45 /* Frameworks */ = {
			isa = PBXFrameworksBuildPhase;
			buildActionMask = 2147483647;
			files = (
			);
			runOnlyForDeploymentPostprocessing = 0;
		};
/* End PBXFrameworksBuildPhase section */

/* Begin PBXGroup section */
		D17D30322DA499950092CE45 = {
			isa = PBXGroup;
			children = (
				D17D303D2DA499950092CE45 /* CollegeFantasyFootball */,
				D17D304B2DA499970092CE45 /* CollegeFantasyFootballTests */,
				D17D30552DA499970092CE45 /* CollegeFantasyFootballUITests */,
				D17D303C2DA499950092CE45 /* Products */,
			);
			sourceTree = "<group>";
		};
		D17D303C2DA499950092CE45 /* Products */ = {
			isa = PBXGroup;
			children = (
				D17D303B2DA499950092CE45 /* CollegeFantasyFootball.app */,
				D17D30482DA499970092CE45 /* CollegeFantasyFootballTests.xctest */,
				D17D30522DA499970092CE45 /* CollegeFantasyFootballUITests.xctest */,
			);
			name = Products;
			sourceTree = "<group>";
		};
/* End PBXGroup section */

/* Begin PBXNativeTarget section */
		D17D303A2DA499950092CE45 /* CollegeFantasyFootball */ = {
			isa = PBXNativeTarget;
			buildConfigurationList = D17D305C2DA499970092CE45 /* Build configuration list for PBXNativeTarget "CollegeFantasyFootball" */;
			buildPhases = (
				D17D30372DA499950092CE45 /* Sources */,
				D17D30382DA499950092CE45 /* Frameworks */,
				D17D30392DA499950092CE45 /* Resources */,
			);
			buildRules = (
			);
			dependencies = (
			);
			fileSystemSynchronizedGroups = (
				D17D303D2DA499950092CE45 /* CollegeFantasyFootball */,
			);
			name = CollegeFantasyFootball;
			packageProductDependencies = (
				D17D30662DA49A690092CE45 /* Auth */,
				D17D30682DA49A690092CE45 /* Functions */,
				D17D306A2DA49A690092CE45 /* PostgREST */,
				D17D306C2DA49A690092CE45 /* Realtime */,
				D17D306E2DA49A690092CE45 /* Storage */,
				D17D30702DA49A690092CE45 /* Supabase */,
				D17D30732DA49A840092CE45 /* SDWebImageSwiftUI */,
			);
			productName = CollegeFantasyFootball;
			productReference = D17D303B2DA499950092CE45 /* CollegeFantasyFootball.app */;
			productType = "com.apple.product-type.application";
		};
		D17D30472DA499970092CE45 /* CollegeFantasyFootballTests */ = {
			isa = PBXNativeTarget;
			buildConfigurationList = D17D305F2DA499970092CE45 /* Build configuration list for PBXNativeTarget "CollegeFantasyFootballTests" */;
			buildPhases = (
				D17D30442DA499970092CE45 /* Sources */,
				D17D30452DA499970092CE45 /* Frameworks */,
				D17D30462DA499970092CE45 /* Resources */,
			);
			buildRules = (
			);
			dependencies = (
				D17D304A2DA499970092CE45 /* PBXTargetDependency */,
			);
			fileSystemSynchronizedGroups = (
				D17D304B2DA499970092CE45 /* CollegeFantasyFootballTests */,
			);
			name = CollegeFantasyFootballTests;
			packageProductDependencies = (
			);
			productName = CollegeFantasyFootballTests;
			productReference = D17D30482DA499970092CE45 /* CollegeFantasyFootballTests.xctest */;
			productType = "com.apple.product-type.bundle.unit-test";
		};
		D17D30512DA499970092CE45 /* CollegeFantasyFootballUITests */ = {
			isa = PBXNativeTarget;
			buildConfigurationList = D17D30622DA499970092CE45 /* Build configuration list for PBXNativeTarget "CollegeFantasyFootballUITests" */;
			buildPhases = (
				D17D304E2DA499970092CE45 /* Sources */,
				D17D304F2DA499970092CE45 /* Frameworks */,
				D17D30502DA499970092CE45 /* Resources */,
			);
			buildRules = (
			);
			dependencies = (
				D17D30542DA499970092CE45 /* PBXTargetDependency */,
			);
			fileSystemSynchronizedGroups = (
				D17D30552DA499970092CE45 /* CollegeFantasyFootballUITests */,
			);
			name = CollegeFantasyFootballUITests;
			packageProductDependencies = (
			);
			productName = CollegeFantasyFootballUITests;
			productReference = D17D30522DA499970092CE45 /* CollegeFantasyFootballUITests.xctest */;
			productType = "com.apple.product-type.bundle.ui-testing";
		};
/* End PBXNativeTarget section */

/* Begin PBXProject section */
		D17D30332DA499950092CE45 /* Project object */ = {
			isa = PBXProject;
			attributes = {
				BuildIndependentTargetsInParallel = 1;
				LastSwiftUpdateCheck = 1630;
				LastUpgradeCheck = 1630;
				TargetAttributes = {
					D17D303A2DA499950092CE45 = {
						CreatedOnToolsVersion = 16.3;
					};
					D17D30472DA499970092CE45 = {
						CreatedOnToolsVersion = 16.3;
						TestTargetID = D17D303A2DA499950092CE45;
					};
					D17D30512DA499970092CE45 = {
						CreatedOnToolsVersion = 16.3;
						TestTargetID = D17D303A2DA499950092CE45;
					};
				};
			};
			buildConfigurationList = D17D30362DA499950092CE45 /* Build configuration list for PBXProject "CollegeFantasyFootball" */;
			developmentRegion = en;
			hasScannedForEncodings = 0;
			knownRegions = (
				en,
				Base,
			);
			mainGroup = D17D30322DA499950092CE45;
			minimizedProjectReferenceProxies = 1;
			packageReferences = (
				D17D30652DA49A690092CE45 /* XCRemoteSwiftPackageReference "supabase-swift" */,
				D17D30722DA49A840092CE45 /* XCRemoteSwiftPackageReference "SDWebImageSwiftUI" */,
			);
			preferredProjectObjectVersion = 77;
			productRefGroup = D17D303C2DA499950092CE45 /* Products */;
			projectDirPath = "";
			projectRoot = "";
			targets = (
				D17D303A2DA499950092CE45 /* CollegeFantasyFootball */,
				D17D30472DA499970092CE45 /* CollegeFantasyFootballTests */,
				D17D30512DA499970092CE45 /* CollegeFantasyFootballUITests */,
			);
		};
/* End PBXProject section */

/* Begin PBXResourcesBuildPhase section */
		D17D30392DA499950092CE45 /* Resources */ = {
			isa = PBXResourcesBuildPhase;
			buildActionMask = 2147483647;
			files = (
			);
			runOnlyForDeploymentPostprocessing = 0;
		};
		D17D30462DA499970092CE45 /* Resources */ = {
			isa = PBXResourcesBuildPhase;
			buildActionMask = 2147483647;
			files = (
			);
			runOnlyForDeploymentPostprocessing = 0;
		};
		D17D30502DA499970092CE45 /* Resources */ = {
			isa = PBXResourcesBuildPhase;
			buildActionMask = 2147483647;
			files = (
			);
			runOnlyForDeploymentPostprocessing = 0;
		};
/* End PBXResourcesBuildPhase section */

/* Begin PBXSourcesBuildPhase section */
		D17D30372DA499950092CE45 /* Sources */ = {
			isa = PBXSourcesBuildPhase;
			buildActionMask = 2147483647;
			files = (
			);
			runOnlyForDeploymentPostprocessing = 0;
		};
		D17D30442DA499970092CE45 /* Sources */ = {
			isa = PBXSourcesBuildPhase;
			buildActionMask = 2147483647;
			files = (
			);
			runOnlyForDeploymentPostprocessing = 0;
		};
		D17D304E2DA499970092CE45 /* Sources */ = {
			isa = PBXSourcesBuildPhase;
			buildActionMask = 2147483647;
			files = (
			);
			runOnlyForDeploymentPostprocessing = 0;
		};
/* End PBXSourcesBuildPhase section */

/* Begin PBXTargetDependency section */
		D17D304A2DA499970092CE45 /* PBXTargetDependency */ = {
			isa = PBXTargetDependency;
			target = D17D303A2DA499950092CE45 /* CollegeFantasyFootball */;
			targetProxy = D17D30492DA499970092CE45 /* PBXContainerItemProxy */;
		};
		D17D30542DA499970092CE45 /* PBXTargetDependency */ = {
			isa = PBXTargetDependency;
			target = D17D303A2DA499950092CE45 /* CollegeFantasyFootball */;
			targetProxy = D17D30532DA499970092CE45 /* PBXContainerItemProxy */;
		};
/* End PBXTargetDependency section */

/* Begin XCBuildConfiguration section */
		D17D305A2DA499970092CE45 /* Debug */ = {
			isa = XCBuildConfiguration;
			buildSettings = {
				ALWAYS_SEARCH_USER_PATHS = NO;
				ASSETCATALOG_COMPILER_GENERATE_SWIFT_ASSET_SYMBOL_EXTENSIONS = YES;
				CLANG_ANALYZER_NONNULL = YES;
				CLANG_ANALYZER_NUMBER_OBJECT_CONVERSION = YES_AGGRESSIVE;
				CLANG_CXX_LANGUAGE_STANDARD = "gnu++20";
				CLANG_ENABLE_MODULES = YES;
				CLANG_ENABLE_OBJC_ARC = YES;
				CLANG_ENABLE_OBJC_WEAK = YES;
				CLANG_WARN_BLOCK_CAPTURE_AUTORELEASING = YES;
				CLANG_WARN_BOOL_CONVERSION = YES;
				CLANG_WARN_COMMA = YES;
				CLANG_WARN_CONSTANT_CONVERSION = YES;
				CLANG_WARN_DEPRECATED_OBJC_IMPLEMENTATIONS = YES;
				CLANG_WARN_DIRECT_OBJC_ISA_USAGE = YES_ERROR;
				CLANG_WARN_DOCUMENTATION_COMMENTS = YES;
				CLANG_WARN_EMPTY_BODY = YES;
				CLANG_WARN_ENUM_CONVERSION = YES;
				CLANG_WARN_INFINITE_RECURSION = YES;
				CLANG_WARN_INT_CONVERSION = YES;
				CLANG_WARN_NON_LITERAL_NULL_CONVERSION = YES;
				CLANG_WARN_OBJC_IMPLICIT_RETAIN_SELF = YES;
				CLANG_WARN_OBJC_LITERAL_CONVERSION = YES;
				CLANG_WARN_OBJC_ROOT_CLASS = YES_ERROR;
				CLANG_WARN_QUOTED_INCLUDE_IN_FRAMEWORK_HEADER = YES;
				CLANG_WARN_RANGE_LOOP_ANALYSIS = YES;
				CLANG_WARN_STRICT_PROTOTYPES = YES;
				CLANG_WARN_SUSPICIOUS_MOVE = YES;
				CLANG_WARN_UNGUARDED_AVAILABILITY = YES_AGGRESSIVE;
				CLANG_WARN_UNREACHABLE_CODE = YES;
				CLANG_WARN__DUPLICATE_METHOD_MATCH = YES;
				COPY_PHASE_STRIP = NO;
				DEBUG_INFORMATION_FORMAT = dwarf;
				DEVELOPMENT_TEAM = 95W4AVBLWA;
				ENABLE_STRICT_OBJC_MSGSEND = YES;
				ENABLE_TESTABILITY = YES;
				ENABLE_USER_SCRIPT_SANDBOXING = YES;
				GCC_C_LANGUAGE_STANDARD = gnu17;
				GCC_DYNAMIC_NO_PIC = NO;
				GCC_NO_COMMON_BLOCKS = YES;
				GCC_OPTIMIZATION_LEVEL = 0;
				GCC_PREPROCESSOR_DEFINITIONS = (
					"DEBUG=1",
					"$(inherited)",
				);
				GCC_WARN_64_TO_32_BIT_CONVERSION = YES;
				GCC_WARN_ABOUT_RETURN_TYPE = YES_ERROR;
				GCC_WARN_UNDECLARED_SELECTOR = YES;
				GCC_WARN_UNINITIALIZED_AUTOS = YES_AGGRESSIVE;
				GCC_WARN_UNUSED_FUNCTION = YES;
				GCC_WARN_UNUSED_VARIABLE = YES;
				IPHONEOS_DEPLOYMENT_TARGET = 18.4;
				LOCALIZATION_PREFERS_STRING_CATALOGS = YES;
				MTL_ENABLE_DEBUG_INFO = INCLUDE_SOURCE;
				MTL_FAST_MATH = YES;
				ONLY_ACTIVE_ARCH = YES;
				SDKROOT = iphoneos;
				SWIFT_ACTIVE_COMPILATION_CONDITIONS = "DEBUG $(inherited)";
				SWIFT_OPTIMIZATION_LEVEL = "-Onone";
			};
			name = Debug;
		};
		D17D305B2DA499970092CE45 /* Release */ = {
			isa = XCBuildConfiguration;
			buildSettings = {
				ALWAYS_SEARCH_USER_PATHS = NO;
				ASSETCATALOG_COMPILER_GENERATE_SWIFT_ASSET_SYMBOL_EXTENSIONS = YES;
				CLANG_ANALYZER_NONNULL = YES;
				CLANG_ANALYZER_NUMBER_OBJECT_CONVERSION = YES_AGGRESSIVE;
				CLANG_CXX_LANGUAGE_STANDARD = "gnu++20";
				CLANG_ENABLE_MODULES = YES;
				CLANG_ENABLE_OBJC_ARC = YES;
				CLANG_ENABLE_OBJC_WEAK = YES;
				CLANG_WARN_BLOCK_CAPTURE_AUTORELEASING = YES;
				CLANG_WARN_BOOL_CONVERSION = YES;
				CLANG_WARN_COMMA = YES;
				CLANG_WARN_CONSTANT_CONVERSION = YES;
				CLANG_WARN_DEPRECATED_OBJC_IMPLEMENTATIONS = YES;
				CLANG_WARN_DIRECT_OBJC_ISA_USAGE = YES_ERROR;
				CLANG_WARN_DOCUMENTATION_COMMENTS = YES;
				CLANG_WARN_EMPTY_BODY = YES;
				CLANG_WARN_ENUM_CONVERSION = YES;
				CLANG_WARN_INFINITE_RECURSION = YES;
				CLANG_WARN_INT_CONVERSION = YES;
				CLANG_WARN_NON_LITERAL_NULL_CONVERSION = YES;
				CLANG_WARN_OBJC_IMPLICIT_RETAIN_SELF = YES;
				CLANG_WARN_OBJC_LITERAL_CONVERSION = YES;
				CLANG_WARN_OBJC_ROOT_CLASS = YES_ERROR;
				CLANG_WARN_QUOTED_INCLUDE_IN_FRAMEWORK_HEADER = YES;
				CLANG_WARN_RANGE_LOOP_ANALYSIS = YES;
				CLANG_WARN_STRICT_PROTOTYPES = YES;
				CLANG_WARN_SUSPICIOUS_MOVE = YES;
				CLANG_WARN_UNGUARDED_AVAILABILITY = YES_AGGRESSIVE;
				CLANG_WARN_UNREACHABLE_CODE = YES;
				CLANG_WARN__DUPLICATE_METHOD_MATCH = YES;
				COPY_PHASE_STRIP = NO;
				DEBUG_INFORMATION_FORMAT = "dwarf-with-dsym";
				DEVELOPMENT_TEAM = 95W4AVBLWA;
				ENABLE_NS_ASSERTIONS = NO;
				ENABLE_STRICT_OBJC_MSGSEND = YES;
				ENABLE_USER_SCRIPT_SANDBOXING = YES;
				GCC_C_LANGUAGE_STANDARD = gnu17;
				GCC_NO_COMMON_BLOCKS = YES;
				GCC_WARN_64_TO_32_BIT_CONVERSION = YES;
				GCC_WARN_ABOUT_RETURN_TYPE = YES_ERROR;
				GCC_WARN_UNDECLARED_SELECTOR = YES;
				GCC_WARN_UNINITIALIZED_AUTOS = YES_AGGRESSIVE;
				GCC_WARN_UNUSED_FUNCTION = YES;
				GCC_WARN_UNUSED_VARIABLE = YES;
				IPHONEOS_DEPLOYMENT_TARGET = 18.4;
				LOCALIZATION_PREFERS_STRING_CATALOGS = YES;
				MTL_ENABLE_DEBUG_INFO = NO;
				MTL_FAST_MATH = YES;
				SDKROOT = iphoneos;
				SWIFT_COMPILATION_MODE = wholemodule;
				VALIDATE_PRODUCT = YES;
			};
			name = Release;
		};
		D17D305D2DA499970092CE45 /* Debug */ = {
			isa = XCBuildConfiguration;
			buildSettings = {
				ASSETCATALOG_COMPILER_APPICON_NAME = AppIcon;
				ASSETCATALOG_COMPILER_GLOBAL_ACCENT_COLOR_NAME = AccentColor;
				CODE_SIGN_STYLE = Automatic;
				CURRENT_PROJECT_VERSION = 1;
				DEVELOPMENT_TEAM = 95W4AVBLWA;
				ENABLE_PREVIEWS = YES;
				GENERATE_INFOPLIST_FILE = YES;
				INFOPLIST_KEY_CFBundleDisplayName = "College Fantasy Football";
				INFOPLIST_KEY_LSApplicationCategoryType = "public.app-category.sports";
				INFOPLIST_KEY_NSCalendarsUsageDescription = "This app requires calendar access to add your fantasy draft date to your calendar.";
				INFOPLIST_KEY_UIApplicationSceneManifest_Generation = YES;
				INFOPLIST_KEY_UIApplicationSupportsIndirectInputEvents = YES;
				INFOPLIST_KEY_UILaunchScreen_Generation = YES;
				INFOPLIST_KEY_UISupportedInterfaceOrientations = UIInterfaceOrientationPortrait;
				INFOPLIST_KEY_UISupportedInterfaceOrientations_iPad = "UIInterfaceOrientationLandscapeLeft UIInterfaceOrientationLandscapeRight UIInterfaceOrientationPortrait UIInterfaceOrientationPortraitUpsideDown";
				IPHONEOS_DEPLOYMENT_TARGET = 18.0;
				LD_RUNPATH_SEARCH_PATHS = (
					"$(inherited)",
					"@executable_path/Frameworks",
				);
				MARKETING_VERSION = 1.0.0;
				PRODUCT_BUNDLE_IDENTIFIER = com.coltenglover.CollegeFantasyFootball;
				PRODUCT_NAME = "$(TARGET_NAME)";
				SUPPORTED_PLATFORMS = "iphoneos iphonesimulator";
				SUPPORTS_MACCATALYST = NO;
				SUPPORTS_MAC_DESIGNED_FOR_IPHONE_IPAD = NO;
				SUPPORTS_XR_DESIGNED_FOR_IPHONE_IPAD = NO;
				SWIFT_EMIT_LOC_STRINGS = YES;
				SWIFT_VERSION = 5.0;
				TARGETED_DEVICE_FAMILY = 1;
			};
			name = Debug;
		};
		D17D305E2DA499970092CE45 /* Release */ = {
			isa = XCBuildConfiguration;
			buildSettings = {
				ASSETCATALOG_COMPILER_APPICON_NAME = AppIcon;
				ASSETCATALOG_COMPILER_GLOBAL_ACCENT_COLOR_NAME = AccentColor;
				CODE_SIGN_STYLE = Automatic;
				CURRENT_PROJECT_VERSION = 1;
				DEVELOPMENT_TEAM = 95W4AVBLWA;
				ENABLE_PREVIEWS = YES;
				GENERATE_INFOPLIST_FILE = YES;
				INFOPLIST_KEY_CFBundleDisplayName = "College Fantasy Football";
				INFOPLIST_KEY_LSApplicationCategoryType = "public.app-category.sports";
				INFOPLIST_KEY_NSCalendarsUsageDescription = "This app requires calendar access to add your fantasy draft date to your calendar.";
				INFOPLIST_KEY_UIApplicationSceneManifest_Generation = YES;
				INFOPLIST_KEY_UIApplicationSupportsIndirectInputEvents = YES;
				INFOPLIST_KEY_UILaunchScreen_Generation = YES;
				INFOPLIST_KEY_UISupportedInterfaceOrientations = UIInterfaceOrientationPortrait;
				INFOPLIST_KEY_UISupportedInterfaceOrientations_iPad = "UIInterfaceOrientationLandscapeLeft UIInterfaceOrientationLandscapeRight UIInterfaceOrientationPortrait UIInterfaceOrientationPortraitUpsideDown";
				IPHONEOS_DEPLOYMENT_TARGET = 18.0;
				LD_RUNPATH_SEARCH_PATHS = (
					"$(inherited)",
					"@executable_path/Frameworks",
				);
				MARKETING_VERSION = 1.0.0;
				PRODUCT_BUNDLE_IDENTIFIER = com.coltenglover.CollegeFantasyFootball;
				PRODUCT_NAME = "$(TARGET_NAME)";
				SUPPORTED_PLATFORMS = "iphoneos iphonesimulator";
				SUPPORTS_MACCATALYST = NO;
				SUPPORTS_MAC_DESIGNED_FOR_IPHONE_IPAD = NO;
				SUPPORTS_XR_DESIGNED_FOR_IPHONE_IPAD = NO;
				SWIFT_EMIT_LOC_STRINGS = YES;
				SWIFT_VERSION = 5.0;
				TARGETED_DEVICE_FAMILY = 1;
			};
			name = Release;
		};
		D17D30602DA499970092CE45 /* Debug */ = {
			isa = XCBuildConfiguration;
			buildSettings = {
				BUNDLE_LOADER = "$(TEST_HOST)";
				CODE_SIGN_STYLE = Automatic;
				CURRENT_PROJECT_VERSION = 1;
				DEVELOPMENT_TEAM = 95W4AVBLWA;
				GENERATE_INFOPLIST_FILE = YES;
				IPHONEOS_DEPLOYMENT_TARGET = 18.4;
				MARKETING_VERSION = 1.0;
				PRODUCT_BUNDLE_IDENTIFIER = com.coltenglover.CollegeFantasyFootballTests;
				PRODUCT_NAME = "$(TARGET_NAME)";
				SWIFT_EMIT_LOC_STRINGS = NO;
				SWIFT_VERSION = 5.0;
				TARGETED_DEVICE_FAMILY = "1,2";
				TEST_HOST = "$(BUILT_PRODUCTS_DIR)/CollegeFantasyFootball.app/$(BUNDLE_EXECUTABLE_FOLDER_PATH)/CollegeFantasyFootball";
			};
			name = Debug;
		};
		D17D30612DA499970092CE45 /* Release */ = {
			isa = XCBuildConfiguration;
			buildSettings = {
				BUNDLE_LOADER = "$(TEST_HOST)";
				CODE_SIGN_STYLE = Automatic;
				CURRENT_PROJECT_VERSION = 1;
				DEVELOPMENT_TEAM = 95W4AVBLWA;
				GENERATE_INFOPLIST_FILE = YES;
				IPHONEOS_DEPLOYMENT_TARGET = 18.4;
				MARKETING_VERSION = 1.0;
				PRODUCT_BUNDLE_IDENTIFIER = com.coltenglover.CollegeFantasyFootballTests;
				PRODUCT_NAME = "$(TARGET_NAME)";
				SWIFT_EMIT_LOC_STRINGS = NO;
				SWIFT_VERSION = 5.0;
				TARGETED_DEVICE_FAMILY = "1,2";
				TEST_HOST = "$(BUILT_PRODUCTS_DIR)/CollegeFantasyFootball.app/$(BUNDLE_EXECUTABLE_FOLDER_PATH)/CollegeFantasyFootball";
			};
			name = Release;
		};
		D17D30632DA499970092CE45 /* Debug */ = {
			isa = XCBuildConfiguration;
			buildSettings = {
				CODE_SIGN_STYLE = Automatic;
				CURRENT_PROJECT_VERSION = 1;
				DEVELOPMENT_TEAM = 95W4AVBLWA;
				GENERATE_INFOPLIST_FILE = YES;
				MARKETING_VERSION = 1.0;
				PRODUCT_BUNDLE_IDENTIFIER = com.coltenglover.CollegeFantasyFootballUITests;
				PRODUCT_NAME = "$(TARGET_NAME)";
				SWIFT_EMIT_LOC_STRINGS = NO;
				SWIFT_VERSION = 5.0;
				TARGETED_DEVICE_FAMILY = "1,2";
				TEST_TARGET_NAME = CollegeFantasyFootball;
			};
			name = Debug;
		};
		D17D30642DA499970092CE45 /* Release */ = {
			isa = XCBuildConfiguration;
			buildSettings = {
				CODE_SIGN_STYLE = Automatic;
				CURRENT_PROJECT_VERSION = 1;
				DEVELOPMENT_TEAM = 95W4AVBLWA;
				GENERATE_INFOPLIST_FILE = YES;
				MARKETING_VERSION = 1.0;
				PRODUCT_BUNDLE_IDENTIFIER = com.coltenglover.CollegeFantasyFootballUITests;
				PRODUCT_NAME = "$(TARGET_NAME)";
				SWIFT_EMIT_LOC_STRINGS = NO;
				SWIFT_VERSION = 5.0;
				TARGETED_DEVICE_FAMILY = "1,2";
				TEST_TARGET_NAME = CollegeFantasyFootball;
			};
			name = Release;
		};
/* End XCBuildConfiguration section */

/* Begin XCConfigurationList section */
		D17D30362DA499950092CE45 /* Build configuration list for PBXProject "CollegeFantasyFootball" */ = {
			isa = XCConfigurationList;
			buildConfigurations = (
				D17D305A2DA499970092CE45 /* Debug */,
				D17D305B2DA499970092CE45 /* Release */,
			);
			defaultConfigurationIsVisible = 0;
			defaultConfigurationName = Release;
		};
		D17D305C2DA499970092CE45 /* Build configuration list for PBXNativeTarget "CollegeFantasyFootball" */ = {
			isa = XCConfigurationList;
			buildConfigurations = (
				D17D305D2DA499970092CE45 /* Debug */,
				D17D305E2DA499970092CE45 /* Release */,
			);
			defaultConfigurationIsVisible = 0;
			defaultConfigurationName = Release;
		};
		D17D305F2DA499970092CE45 /* Build configuration list for PBXNativeTarget "CollegeFantasyFootballTests" */ = {
			isa = XCConfigurationList;
			buildConfigurations = (
				D17D30602DA499970092CE45 /* Debug */,
				D17D30612DA499970092CE45 /* Release */,
			);
			defaultConfigurationIsVisible = 0;
			defaultConfigurationName = Release;
		};
		D17D30622DA499970092CE45 /* Build configuration list for PBXNativeTarget "CollegeFantasyFootballUITests" */ = {
			isa = XCConfigurationList;
			buildConfigurations = (
				D17D30632DA499970092CE45 /* Debug */,
				D17D30642DA499970092CE45 /* Release */,
			);
			defaultConfigurationIsVisible = 0;
			defaultConfigurationName = Release;
		};
/* End XCConfigurationList section */

/* Begin XCRemoteSwiftPackageReference section */
		D17D30652DA49A690092CE45 /* XCRemoteSwiftPackageReference "supabase-swift" */ = {
			isa = XCRemoteSwiftPackageReference;
			repositoryURL = "https://github.com/supabase-community/supabase-swift.git";
			requirement = {
				kind = upToNextMajorVersion;
				minimumVersion = 2.5.1;
			};
		};
		D17D30722DA49A840092CE45 /* XCRemoteSwiftPackageReference "SDWebImageSwiftUI" */ = {
			isa = XCRemoteSwiftPackageReference;
			repositoryURL = "https://github.com/SDWebImage/SDWebImageSwiftUI";
			requirement = {
				kind = upToNextMajorVersion;
				minimumVersion = 3.1.3;
			};
		};
/* End XCRemoteSwiftPackageReference section */

/* Begin XCSwiftPackageProductDependency section */
		D17D30662DA49A690092CE45 /* Auth */ = {
			isa = XCSwiftPackageProductDependency;
			package = D17D30652DA49A690092CE45 /* XCRemoteSwiftPackageReference "supabase-swift" */;
			productName = Auth;
		};
		D17D30682DA49A690092CE45 /* Functions */ = {
			isa = XCSwiftPackageProductDependency;
			package = D17D30652DA49A690092CE45 /* XCRemoteSwiftPackageReference "supabase-swift" */;
			productName = Functions;
		};
		D17D306A2DA49A690092CE45 /* PostgREST */ = {
			isa = XCSwiftPackageProductDependency;
			package = D17D30652DA49A690092CE45 /* XCRemoteSwiftPackageReference "supabase-swift" */;
			productName = PostgREST;
		};
		D17D306C2DA49A690092CE45 /* Realtime */ = {
			isa = XCSwiftPackageProductDependency;
			package = D17D30652DA49A690092CE45 /* XCRemoteSwiftPackageReference "supabase-swift" */;
			productName = Realtime;
		};
		D17D306E2DA49A690092CE45 /* Storage */ = {
			isa = XCSwiftPackageProductDependency;
			package = D17D30652DA49A690092CE45 /* XCRemoteSwiftPackageReference "supabase-swift" */;
			productName = Storage;
		};
		D17D30702DA49A690092CE45 /* Supabase */ = {
			isa = XCSwiftPackageProductDependency;
			package = D17D30652DA49A690092CE45 /* XCRemoteSwiftPackageReference "supabase-swift" */;
			productName = Supabase;
		};
		D17D30732DA49A840092CE45 /* SDWebImageSwiftUI */ = {
			isa = XCSwiftPackageProductDependency;
			package = D17D30722DA49A840092CE45 /* XCRemoteSwiftPackageReference "SDWebImageSwiftUI" */;
			productName = SDWebImageSwiftUI;
		};
/* End XCSwiftPackageProductDependency section */
	};
	rootObject = D17D30332DA499950092CE45 /* Project object */;
}
